
Microsoft Visual Studio Solution File, Format Version 12.00
# Visual Studio 2012
Project("{FAE04EC0-301F-11D3-BF4B-00C04F79EFBC}") = "iOSCharts", "iOSCharts.csproj", "{AA49CF8C-4ADE-4142-BE58-689B43EDCFDE}"
EndProject
Global
	GlobalSection(SolutionConfigurationPlatforms) = preSolution
		Debug|Any CPU = Debug|Any CPU
		Release|Any CPU = Release|Any CPU
	EndGlobalSection
	GlobalSection(ProjectConfigurationPlatforms) = postSolution
		{AA49CF8C-4ADE-4142-BE58-689B43EDCFDE}.Debug|Any CPU.ActiveCfg = Debug|Any CPU
		{AA49CF8C-4ADE-4142-BE58-689B43EDCFDE}.Debug|Any CPU.Build.0 = Debug|Any CPU
		{AA49CF8C-4ADE-4142-BE58-689B43EDCFDE}.Release|Any CPU.ActiveCfg = Release|Any CPU
		{AA49CF8C-4ADE-4142-BE58-689B43EDCFDE}.Release|Any CPU.Build.0 = Release|Any CPU
	EndGlobalSection
EndGlobal
